// !$*UTF8*$!
{
	archiveVersion = 1;
	classes = {
	};
	objectVersion = 56;
	objects = {

/* Begin PBXBuildFile section */
		EB7000022A5C360000425ADA /* HikeApp.swift in Sources */ = {isa = PBXBuildFile; fileRef = EB7000012A5C360000425ADA /* HikeApp.swift */; };
		EB7000042A5C360000425ADA /* ContentView.swift in Sources */ = {isa = PBXBuildFile; fileRef = EB7000032A5C360000425ADA /* ContentView.swift */; };
		EB7000062A5C360200425ADA /* Assets.xcassets in Resources */ = {isa = PBXBuildFile; fileRef = EB7000052A5C360200425ADA /* Assets.xcassets */; };
		EB7000092A5C360200425ADA /* Preview Assets.xcassets in Resources */ = {isa = PBXBuildFile; fileRef = EB7000082A5C360200425ADA /* Preview Assets.xcassets */; };
		EB7000102A5C37ED00425ADA /* CardView.swift in Sources */ = {isa = PBXBuildFile; fileRef = EB70000F2A5C37ED00425ADA /* CardView.swift */; };
		EB7000132A5C39BC00425ADA /* CustomBackgroundView.swift in Sources */ = {isa = PBXBuildFile; fileRef = EB7000122A5C39BC00425ADA /* CustomBackgroundView.swift */; };
		EB7000162A5C3BD900425ADA /* ColorExtension.swift in Sources */ = {isa = PBXBuildFile; fileRef = EB7000152A5C3BD900425ADA /* ColorExtension.swift */; };
		EB7000182A5C482C00425ADA /* CustomButtonView.swift in Sources */ = {isa = PBXBuildFile; fileRef = EB7000172A5C482C00425ADA /* CustomButtonView.swift */; };
		EB70001A2A5C5A7A00425ADA /* GradientButtonStyle.swift in Sources */ = {isa = PBXBuildFile; fileRef = EB7000192A5C5A7A00425ADA /* GradientButtonStyle.swift */; };
		EB70001C2A5C76D200425ADA /* CustomCircleView.swift in Sources */ = {isa = PBXBuildFile; fileRef = EB70001B2A5C76D200425ADA /* CustomCircleView.swift */; };
		EB70001E2A5C78AC00425ADA /* MotionAnimationView.swift in Sources */ = {isa = PBXBuildFile; fileRef = EB70001D2A5C78AC00425ADA /* MotionAnimationView.swift */; };
		EB7000212A5C7F1400425ADA /* SettingsView.swift in Sources */ = {isa = PBXBuildFile; fileRef = EB7000202A5C7F1400425ADA /* SettingsView.swift */; };
/* End PBXBuildFile section */

/* Begin PBXFileReference section */
		EB7000012A5C360000425ADA /* HikeApp.swift */ = {isa = PBXFileReference; lastKnownFileType = sourcecode.swift; path = HikeApp.swift; sourceTree = "<group>"; };
		EB7000032A5C360000425ADA /* ContentView.swift */ = {isa = PBXFileReference; lastKnownFileType = sourcecode.swift; path = ContentView.swift; sourceTree = "<group>"; };
		EB7000052A5C360200425ADA /* Assets.xcassets */ = {isa = PBXFileReference; lastKnownFileType = folder.assetcatalog; path = Assets.xcassets; sourceTree = "<group>"; };
		EB7000082A5C360200425ADA /* Preview Assets.xcassets */ = {isa = PBXFileReference; lastKnownFileType = folder.assetcatalog; path = "Preview Assets.xcassets"; sourceTree = "<group>"; };
		EB70000F2A5C37ED00425ADA /* CardView.swift */ = {isa = PBXFileReference; lastKnownFileType = sourcecode.swift; path = CardView.swift; sourceTree = "<group>"; };
		EB7000122A5C39BC00425ADA /* CustomBackgroundView.swift */ = {isa = PBXFileReference; lastKnownFileType = sourcecode.swift; path = CustomBackgroundView.swift; sourceTree = "<group>"; };
		EB7000152A5C3BD900425ADA /* ColorExtension.swift */ = {isa = PBXFileReference; lastKnownFileType = sourcecode.swift; path = ColorExtension.swift; sourceTree = "<group>"; };
		EB7000172A5C482C00425ADA /* CustomButtonView.swift */ = {isa = PBXFileReference; lastKnownFileType = sourcecode.swift; path = CustomButtonView.swift; sourceTree = "<group>"; };
		EB7000192A5C5A7A00425ADA /* GradientButtonStyle.swift */ = {isa = PBXFileReference; lastKnownFileType = sourcecode.swift; path = GradientButtonStyle.swift; sourceTree = "<group>"; };
		EB70001B2A5C76D200425ADA /* CustomCircleView.swift */ = {isa = PBXFileReference; lastKnownFileType = sourcecode.swift; path = CustomCircleView.swift; sourceTree = "<group>"; };
		EB70001D2A5C78AC00425ADA /* MotionAnimationView.swift */ = {isa = PBXFileReference; lastKnownFileType = sourcecode.swift; path = MotionAnimationView.swift; sourceTree = "<group>"; };
		EB7000202A5C7F1400425ADA /* SettingsView.swift */ = {isa = PBXFileReference; lastKnownFileType = sourcecode.swift; path = SettingsView.swift; sourceTree = "<group>"; };
		EB70FFFE2A5C360000425ADA /* Hike.app */ = {isa = PBXFileReference; explicitFileType = wrapper.application; includeInIndex = 0; path = Hike.app; sourceTree = BUILT_PRODUCTS_DIR; };
/* End PBXFileReference section */

/* Begin PBXFrameworksBuildPhase section */
		EB70FFFB2A5C360000425ADA /* Frameworks */ = {
			isa = PBXFrameworksBuildPhase;
			buildActionMask = 2147483647;
			files = (
			);
			runOnlyForDeploymentPostprocessing = 0;
		};
/* End PBXFrameworksBuildPhase section */

/* Begin PBXGroup section */
		EB7000002A5C360000425ADA /* Hike */ = {
			isa = PBXGroup;
			children = (
				EB7000142A5C3BB400425ADA /* Utility */,
				EB7000012A5C360000425ADA /* HikeApp.swift */,
				EB70001F2A5C7EED00425ADA /* Screen */,
				EB7000052A5C360200425ADA /* Assets.xcassets */,
				EB7000072A5C360200425ADA /* Preview Content */,
				EB7000112A5C399600425ADA /* Component */,
			);
			path = Hike;
			sourceTree = "<group>";
		};
		EB7000072A5C360200425ADA /* Preview Content */ = {
			isa = PBXGroup;
			children = (
				EB7000082A5C360200425ADA /* Preview Assets.xcassets */,
			);
			path = "Preview Content";
			sourceTree = "<group>";
		};
		EB7000112A5C399600425ADA /* Component */ = {
			isa = PBXGroup;
			children = (
				EB70000F2A5C37ED00425ADA /* CardView.swift */,
				EB7000122A5C39BC00425ADA /* CustomBackgroundView.swift */,
				EB7000172A5C482C00425ADA /* CustomButtonView.swift */,
				EB70001B2A5C76D200425ADA /* CustomCircleView.swift */,
				EB70001D2A5C78AC00425ADA /* MotionAnimationView.swift */,
			);
			path = Component;
			sourceTree = "<group>";
		};
		EB7000142A5C3BB400425ADA /* Utility */ = {
			isa = PBXGroup;
			children = (
				EB7000152A5C3BD900425ADA /* ColorExtension.swift */,
				EB7000192A5C5A7A00425ADA /* GradientButtonStyle.swift */,
			);
			path = Utility;
			sourceTree = "<group>";
		};
		EB70001F2A5C7EED00425ADA /* Screen */ = {
			isa = PBXGroup;
			children = (
				EB7000032A5C360000425ADA /* ContentView.swift */,
				EB7000202A5C7F1400425ADA /* SettingsView.swift */,
			);
			path = Screen;
			sourceTree = "<group>";
		};
		EB70FFF52A5C360000425ADA = {
			isa = PBXGroup;
			children = (
				EB7000002A5C360000425ADA /* Hike */,
				EB70FFFF2A5C360000425ADA /* Products */,
			);
			sourceTree = "<group>";
		};
		EB70FFFF2A5C360000425ADA /* Products */ = {
			isa = PBXGroup;
			children = (
				EB70FFFE2A5C360000425ADA /* Hike.app */,
			);
			name = Products;
			sourceTree = "<group>";
		};
/* End PBXGroup section */

/* Begin PBXNativeTarget section */
		EB70FFFD2A5C360000425ADA /* Hike */ = {
			isa = PBXNativeTarget;
			buildConfigurationList = EB70000C2A5C360200425ADA /* Build configuration list for PBXNativeTarget "Hike" */;
			buildPhases = (
				EB70FFFA2A5C360000425ADA /* Sources */,
				EB70FFFB2A5C360000425ADA /* Frameworks */,
				EB70FFFC2A5C360000425ADA /* Resources */,
			);
			buildRules = (
			);
			dependencies = (
			);
			name = Hike;
			productName = Hike;
			productReference = EB70FFFE2A5C360000425ADA /* Hike.app */;
			productType = "com.apple.product-type.application";
		};
/* End PBXNativeTarget section */

/* Begin PBXProject section */
		EB70FFF62A5C360000425ADA /* Project object */ = {
			isa = PBXProject;
			attributes = {
				BuildIndependentTargetsInParallel = 1;
				LastSwiftUpdateCheck = 1430;
				LastUpgradeCheck = 1430;
				TargetAttributes = {
					EB70FFFD2A5C360000425ADA = {
						CreatedOnToolsVersion = 14.3.1;
					};
				};
			};
			buildConfigurationList = EB70FFF92A5C360000425ADA /* Build configuration list for PBXProject "Hike" */;
			compatibilityVersion = "Xcode 14.0";
			developmentRegion = en;
			hasScannedForEncodings = 0;
			knownRegions = (
				en,
				Base,
			);
			mainGroup = EB70FFF52A5C360000425ADA;
			productRefGroup = EB70FFFF2A5C360000425ADA /* Products */;
			projectDirPath = "";
			projectRoot = "";
			targets = (
				EB70FFFD2A5C360000425ADA /* Hike */,
			);
		};
/* End PBXProject section */

/* Begin PBXResourcesBuildPhase section */
		EB70FFFC2A5C360000425ADA /* Resources */ = {
			isa = PBXResourcesBuildPhase;
			buildActionMask = 2147483647;
			files = (
				EB7000092A5C360200425ADA /* Preview Assets.xcassets in Resources */,
				EB7000062A5C360200425ADA /* Assets.xcassets in Resources */,
			);
			runOnlyForDeploymentPostprocessing = 0;
		};
/* End PBXResourcesBuildPhase section */

/* Begin PBXSourcesBuildPhase section */
		EB70FFFA2A5C360000425ADA /* Sources */ = {
			isa = PBXSourcesBuildPhase;
			buildActionMask = 2147483647;
			files = (
				EB7000042A5C360000425ADA /* ContentView.swift in Sources */,
				EB70001C2A5C76D200425ADA /* CustomCircleView.swift in Sources */,
				EB7000102A5C37ED00425ADA /* CardView.swift in Sources */,
				EB7000022A5C360000425ADA /* HikeApp.swift in Sources */,
				EB7000182A5C482C00425ADA /* CustomButtonView.swift in Sources */,
				EB7000212A5C7F1400425ADA /* SettingsView.swift in Sources */,
				EB70001A2A5C5A7A00425ADA /* GradientButtonStyle.swift in Sources */,
				EB70001E2A5C78AC00425ADA /* MotionAnimationView.swift in Sources */,
				EB7000132A5C39BC00425ADA /* CustomBackgroundView.swift in Sources */,
				EB7000162A5C3BD900425ADA /* ColorExtension.swift in Sources */,
			);
			runOnlyForDeploymentPostprocessing = 0;
		};
/* End PBXSourcesBuildPhase section */

/* Begin XCBuildConfiguration section */
		EB70000A2A5C360200425ADA /* Debug */ = {
			isa = XCBuildConfiguration;
			buildSettings = {
				ALWAYS_SEARCH_USER_PATHS = NO;
				CLANG_ANALYZER_NONNULL = YES;
				CLANG_ANALYZER_NUMBER_OBJECT_CONVERSION = YES_AGGRESSIVE;
				CLANG_CXX_LANGUAGE_STANDARD = "gnu++20";
				CLANG_ENABLE_MODULES = YES;
				CLANG_ENABLE_OBJC_ARC = YES;
				CLANG_ENABLE_OBJC_WEAK = YES;
				CLANG_WARN_BLOCK_CAPTURE_AUTORELEASING = YES;
				CLANG_WARN_BOOL_CONVERSION = YES;
				CLANG_WARN_COMMA = YES;
				CLANG_WARN_CONSTANT_CONVERSION = YES;
				CLANG_WARN_DEPRECATED_OBJC_IMPLEMENTATIONS = YES;
				CLANG_WARN_DIRECT_OBJC_ISA_USAGE = YES_ERROR;
				CLANG_WARN_DOCUMENTATION_COMMENTS = YES;
				CLANG_WARN_EMPTY_BODY = YES;
				CLANG_WARN_ENUM_CONVERSION = YES;
				CLANG_WARN_INFINITE_RECURSION = YES;
				CLANG_WARN_INT_CONVERSION = YES;
				CLANG_WARN_NON_LITERAL_NULL_CONVERSION = YES;
				CLANG_WARN_OBJC_IMPLICIT_RETAIN_SELF = YES;
				CLANG_WARN_OBJC_LITERAL_CONVERSION = YES;
				CLANG_WARN_OBJC_ROOT_CLASS = YES_ERROR;
				CLANG_WARN_QUOTED_INCLUDE_IN_FRAMEWORK_HEADER = YES;
				CLANG_WARN_RANGE_LOOP_ANALYSIS = YES;
				CLANG_WARN_STRICT_PROTOTYPES = YES;
				CLANG_WARN_SUSPICIOUS_MOVE = YES;
				CLANG_WARN_UNGUARDED_AVAILABILITY = YES_AGGRESSIVE;
				CLANG_WARN_UNREACHABLE_CODE = YES;
				CLANG_WARN__DUPLICATE_METHOD_MATCH = YES;
				COPY_PHASE_STRIP = NO;
				DEBUG_INFORMATION_FORMAT = dwarf;
				ENABLE_STRICT_OBJC_MSGSEND = YES;
				ENABLE_TESTABILITY = YES;
				GCC_C_LANGUAGE_STANDARD = gnu11;
				GCC_DYNAMIC_NO_PIC = NO;
				GCC_NO_COMMON_BLOCKS = YES;
				GCC_OPTIMIZATION_LEVEL = 0;
				GCC_PREPROCESSOR_DEFINITIONS = (
					"DEBUG=1",
					"$(inherited)",
				);
				GCC_WARN_64_TO_32_BIT_CONVERSION = YES;
				GCC_WARN_ABOUT_RETURN_TYPE = YES_ERROR;
				GCC_WARN_UNDECLARED_SELECTOR = YES;
				GCC_WARN_UNINITIALIZED_AUTOS = YES_AGGRESSIVE;
				GCC_WARN_UNUSED_FUNCTION = YES;
				GCC_WARN_UNUSED_VARIABLE = YES;
				IPHONEOS_DEPLOYMENT_TARGET = 16.4;
				MTL_ENABLE_DEBUG_INFO = INCLUDE_SOURCE;
				MTL_FAST_MATH = YES;
				ONLY_ACTIVE_ARCH = YES;
				SDKROOT = iphoneos;
				SWIFT_ACTIVE_COMPILATION_CONDITIONS = DEBUG;
				SWIFT_OPTIMIZATION_LEVEL = "-Onone";
			};
			name = Debug;
		};
		EB70000B2A5C360200425ADA /* Release */ = {
			isa = XCBuildConfiguration;
			buildSettings = {
				ALWAYS_SEARCH_USER_PATHS = NO;
				CLANG_ANALYZER_NONNULL = YES;
				CLANG_ANALYZER_NUMBER_OBJECT_CONVERSION = YES_AGGRESSIVE;
				CLANG_CXX_LANGUAGE_STANDARD = "gnu++20";
				CLANG_ENABLE_MODULES = YES;
				CLANG_ENABLE_OBJC_ARC = YES;
				CLANG_ENABLE_OBJC_WEAK = YES;
				CLANG_WARN_BLOCK_CAPTURE_AUTORELEASING = YES;
				CLANG_WARN_BOOL_CONVERSION = YES;
				CLANG_WARN_COMMA = YES;
				CLANG_WARN_CONSTANT_CONVERSION = YES;
				CLANG_WARN_DEPRECATED_OBJC_IMPLEMENTATIONS = YES;
				CLANG_WARN_DIRECT_OBJC_ISA_USAGE = YES_ERROR;
				CLANG_WARN_DOCUMENTATION_COMMENTS = YES;
				CLANG_WARN_EMPTY_BODY = YES;
				CLANG_WARN_ENUM_CONVERSION = YES;
				CLANG_WARN_INFINITE_RECURSION = YES;
				CLANG_WARN_INT_CONVERSION = YES;
				CLANG_WARN_NON_LITERAL_NULL_CONVERSION = YES;
				CLANG_WARN_OBJC_IMPLICIT_RETAIN_SELF = YES;
				CLANG_WARN_OBJC_LITERAL_CONVERSION = YES;
				CLANG_WARN_OBJC_ROOT_CLASS = YES_ERROR;
				CLANG_WARN_QUOTED_INCLUDE_IN_FRAMEWORK_HEADER = YES;
				CLANG_WARN_RANGE_LOOP_ANALYSIS = YES;
				CLANG_WARN_STRICT_PROTOTYPES = YES;
				CLANG_WARN_SUSPICIOUS_MOVE = YES;
				CLANG_WARN_UNGUARDED_AVAILABILITY = YES_AGGRESSIVE;
				CLANG_WARN_UNREACHABLE_CODE = YES;
				CLANG_WARN__DUPLICATE_METHOD_MATCH = YES;
				COPY_PHASE_STRIP = NO;
				DEBUG_INFORMATION_FORMAT = "dwarf-with-dsym";
				ENABLE_NS_ASSERTIONS = NO;
				ENABLE_STRICT_OBJC_MSGSEND = YES;
				GCC_C_LANGUAGE_STANDARD = gnu11;
				GCC_NO_COMMON_BLOCKS = YES;
				GCC_WARN_64_TO_32_BIT_CONVERSION = YES;
				GCC_WARN_ABOUT_RETURN_TYPE = YES_ERROR;
				GCC_WARN_UNDECLARED_SELECTOR = YES;
				GCC_WARN_UNINITIALIZED_AUTOS = YES_AGGRESSIVE;
				GCC_WARN_UNUSED_FUNCTION = YES;
				GCC_WARN_UNUSED_VARIABLE = YES;
				IPHONEOS_DEPLOYMENT_TARGET = 16.4;
				MTL_ENABLE_DEBUG_INFO = NO;
				MTL_FAST_MATH = YES;
				SDKROOT = iphoneos;
				SWIFT_COMPILATION_MODE = wholemodule;
				SWIFT_OPTIMIZATION_LEVEL = "-O";
				VALIDATE_PRODUCT = YES;
			};
			name = Release;
		};
		EB70000D2A5C360200425ADA /* Debug */ = {
			isa = XCBuildConfiguration;
			buildSettings = {
				ASSETCATALOG_COMPILER_APPICON_NAME = AppIcon;
				ASSETCATALOG_COMPILER_GLOBAL_ACCENT_COLOR_NAME = AccentColor;
				CODE_SIGN_STYLE = Automatic;
				CURRENT_PROJECT_VERSION = 1;
				DEVELOPMENT_ASSET_PATHS = "\"Hike/Preview Content\"";
				DEVELOPMENT_TEAM = MYL7DYP3W5;
				ENABLE_PREVIEWS = YES;
				GENERATE_INFOPLIST_FILE = YES;
				INFOPLIST_KEY_UIApplicationSceneManifest_Generation = YES;
				INFOPLIST_KEY_UIApplicationSupportsIndirectInputEvents = YES;
				INFOPLIST_KEY_UILaunchScreen_Generation = YES;
				INFOPLIST_KEY_UISupportedInterfaceOrientations_iPad = "UIInterfaceOrientationPortrait UIInterfaceOrientationPortraitUpsideDown UIInterfaceOrientationLandscapeLeft UIInterfaceOrientationLandscapeRight";
				INFOPLIST_KEY_UISupportedInterfaceOrientations_iPhone = "UIInterfaceOrientationPortrait UIInterfaceOrientationLandscapeLeft UIInterfaceOrientationLandscapeRight";
				LD_RUNPATH_SEARCH_PATHS = (
					"$(inherited)",
					"@executable_path/Frameworks",
				);
				MARKETING_VERSION = 1.0;
				PRODUCT_BUNDLE_IDENTIFIER = com.emregemici.Hike;
				PRODUCT_NAME = "$(TARGET_NAME)";
				SWIFT_EMIT_LOC_STRINGS = YES;
				SWIFT_VERSION = 5.0;
				TARGETED_DEVICE_FAMILY = "1,2";
			};
			name = Debug;
		};
		EB70000E2A5C360200425ADA /* Release */ = {
			isa = XCBuildConfiguration;
			buildSettings = {
				ASSETCATALOG_COMPILER_APPICON_NAME = AppIcon;
				ASSETCATALOG_COMPILER_GLOBAL_ACCENT_COLOR_NAME = AccentColor;
				CODE_SIGN_STYLE = Automatic;
				CURRENT_PROJECT_VERSION = 1;
				DEVELOPMENT_ASSET_PATHS = "\"Hike/Preview Content\"";
				DEVELOPMENT_TEAM = MYL7DYP3W5;
				ENABLE_PREVIEWS = YES;
				GENERATE_INFOPLIST_FILE = YES;
				INFOPLIST_KEY_UIApplicationSceneManifest_Generation = YES;
				INFOPLIST_KEY_UIApplicationSupportsIndirectInputEvents = YES;
				INFOPLIST_KEY_UILaunchScreen_Generation = YES;
				INFOPLIST_KEY_UISupportedInterfaceOrientations_iPad = "UIInterfaceOrientationPortrait UIInterfaceOrientationPortraitUpsideDown UIInterfaceOrientationLandscapeLeft UIInterfaceOrientationLandscapeRight";
				INFOPLIST_KEY_UISupportedInterfaceOrientations_iPhone = "UIInterfaceOrientationPortrait UIInterfaceOrientationLandscapeLeft UIInterfaceOrientationLandscapeRight";
				LD_RUNPATH_SEARCH_PATHS = (
					"$(inherited)",
					"@executable_path/Frameworks",
				);
				MARKETING_VERSION = 1.0;
				PRODUCT_BUNDLE_IDENTIFIER = com.emregemici.Hike;
				PRODUCT_NAME = "$(TARGET_NAME)";
				SWIFT_EMIT_LOC_STRINGS = YES;
				SWIFT_VERSION = 5.0;
				TARGETED_DEVICE_FAMILY = "1,2";
			};
			name = Release;
		};
/* End XCBuildConfiguration section */

/* Begin XCConfigurationList section */
		EB70000C2A5C360200425ADA /* Build configuration list for PBXNativeTarget "Hike" */ = {
			isa = XCConfigurationList;
			buildConfigurations = (
				EB70000D2A5C360200425ADA /* Debug */,
				EB70000E2A5C360200425ADA /* Release */,
			);
			defaultConfigurationIsVisible = 0;
			defaultConfigurationName = Release;
		};
		EB70FFF92A5C360000425ADA /* Build configuration list for PBXProject "Hike" */ = {
			isa = XCConfigurationList;
			buildConfigurations = (
				EB70000A2A5C360200425ADA /* Debug */,
				EB70000B2A5C360200425ADA /* Release */,
			);
			defaultConfigurationIsVisible = 0;
			defaultConfigurationName = Release;
		};
/* End XCConfigurationList section */
	};
	rootObject = EB70FFF62A5C360000425ADA /* Project object */;
}
